
Microsoft Visual Studio Solution File, Format Version 12.00
# Visual Studio 15
VisualStudioVersion = 15.0.28307.572
MinimumVisualStudioVersion = 10.0.40219.1
Project("{8BC9CEB8-8B4A-11D0-8D11-00A0C91BC942}") = "DirectX_Training", "DirectX_Training\DirectX_Training.vcxproj", "{16F63F13-2CAD-409F-B96B-9E79C96B7A7E}"
EndProject
Global
	GlobalSection(SolutionConfigurationPlatforms) = preSolution
		Check|x64 = Check|x64
		Check|x86 = Check|x86
		Debug|x64 = Debug|x64
		Debug|x86 = Debug|x86
		Release|x64 = Release|x64
		Release|x86 = Release|x86
	EndGlobalSection
	GlobalSection(ProjectConfigurationPlatforms) = postSolution
		{16F63F13-2CAD-409F-B96B-9E79C96B7A7E}.Check|x64.ActiveCfg = Check|x64
		{16F63F13-2CAD-409F-B96B-9E79C96B7A7E}.Check|x64.Build.0 = Check|x64
		{16F63F13-2CAD-409F-B96B-9E79C96B7A7E}.Check|x86.ActiveCfg = Check|Win32
		{16F63F13-2CAD-409F-B96B-9E79C96B7A7E}.Check|x86.Build.0 = Check|Win32
		{16F63F13-2CAD-409F-B96B-9E79C96B7A7E}.Debug|x64.ActiveCfg = Debug|x64
		{16F63F13-2CAD-409F-B96B-9E79C96B7A7E}.Debug|x64.Build.0 = Debug|x64
		{16F63F13-2CAD-409F-B96B-9E79C96B7A7E}.Debug|x86.ActiveCfg = Debug|Win32
		{16F63F13-2CAD-409F-B96B-9E79C96B7A7E}.Debug|x86.Build.0 = Debug|Win32
		{16F63F13-2CAD-409F-B96B-9E79C96B7A7E}.Release|x64.ActiveCfg = Release|x64
		{16F63F13-2CAD-409F-B96B-9E79C96B7A7E}.Release|x64.Build.0 = Release|x64
		{16F63F13-2CAD-409F-B96B-9E79C96B7A7E}.Release|x86.ActiveCfg = Release|Win32
		{16F63F13-2CAD-409F-B96B-9E79C96B7A7E}.Release|x86.Build.0 = Release|Win32
	EndGlobalSection
	GlobalSection(SolutionProperties) = preSolution
		HideSolutionNode = FALSE
	EndGlobalSection
	GlobalSection(ExtensibilityGlobals) = postSolution
		SolutionGuid = {C9E8EE30-B6AB-44B9-A595-A31D2677985E}
	EndGlobalSection
EndGlobal
